# Generated by buf. DO NOT EDIT.
version: v2
deps:
  - name: buf.build/dito/ingest
    commit: 7a8f37e8003947f4b6332978afcbfca5
    digest: b5:b28bd09d2f210b590682f65369052e8fde98ee66a87a972fa72aafd8ddc054868c813e330dcc64b742a8231120392007fdb5b37d21c2d82a8b26ec0876f65053
  - name: buf.build/googleapis/googleapis
    commit: c17df5b2beca46928cc87d5656bd5343
    digest: b5:648a01e0170d4512dea7d564016165decd1ed6e34bef79fe54753e51ad7e27545709ad9157d7551270147d551155c595a2fb0bf5bb33b1c83040ddbce915c604
